// !$*UTF8*$!
{
	archiveVersion = 1;
	classes = {
	};
	objectVersion = 51;
	objects = {

/* Begin PBXBuildFile section */
		67E12CB589A4ED9E55B7E670 /* Pods_TercihKilavuzu2021.framework in Frameworks */ = {isa = PBXBuildFile; fileRef = DB45ECBE486C76D6B88E007B /* Pods_TercihKilavuzu2021.framework */; };
		EC2705BB26BB06520011526F /* AppDelegate.swift in Sources */ = {isa = PBXBuildFile; fileRef = EC2705BA26BB06520011526F /* AppDelegate.swift */; };
		EC2705BD26BB06520011526F /* SceneDelegate.swift in Sources */ = {isa = PBXBuildFile; fileRef = EC2705BC26BB06520011526F /* SceneDelegate.swift */; };
		EC2705BF26BB06520011526F /* HomeViewController.swift in Sources */ = {isa = PBXBuildFile; fileRef = EC2705BE26BB06520011526F /* HomeViewController.swift */; };
		EC2705C426BB06530011526F /* Assets.xcassets in Resources */ = {isa = PBXBuildFile; fileRef = EC2705C326BB06530011526F /* Assets.xcassets */; };
		EC2705C726BB06530011526F /* LaunchScreen.storyboard in Resources */ = {isa = PBXBuildFile; fileRef = EC2705C526BB06530011526F /* LaunchScreen.storyboard */; };
		EC2705D026BB06A10011526F /* StoreKit.framework in Frameworks */ = {isa = PBXBuildFile; fileRef = EC2705CF26BB06A10011526F /* StoreKit.framework */; };
		EC2705D726BB08460011526F /* TabBarViewController.swift in Sources */ = {isa = PBXBuildFile; fileRef = EC2705D626BB08460011526F /* TabBarViewController.swift */; };
		EC2705D926BB087C0011526F /* FavoritesViewController.swift in Sources */ = {isa = PBXBuildFile; fileRef = EC2705D826BB087C0011526F /* FavoritesViewController.swift */; };
		EC2705DC26BB08A20011526F /* FiltersViewController.swift in Sources */ = {isa = PBXBuildFile; fileRef = EC2705DB26BB08A20011526F /* FiltersViewController.swift */; };
		EC2705DE26BB09050011526F /* CountDownViewController.swift in Sources */ = {isa = PBXBuildFile; fileRef = EC2705DD26BB09050011526F /* CountDownViewController.swift */; };
		EC2705E026BB092E0011526F /* DatabaseManager.swift in Sources */ = {isa = PBXBuildFile; fileRef = EC2705DF26BB092E0011526F /* DatabaseManager.swift */; };
		EC2705E226BB09440011526F /* StorageManager.swift in Sources */ = {isa = PBXBuildFile; fileRef = EC2705E126BB09440011526F /* StorageManager.swift */; };
		EC2705E426BB14FD0011526F /* University.swift in Sources */ = {isa = PBXBuildFile; fileRef = EC2705E326BB14FD0011526F /* University.swift */; };
		EC2705E626BB1B5F0011526F /* Extensions.swift in Sources */ = {isa = PBXBuildFile; fileRef = EC2705E526BB1B5F0011526F /* Extensions.swift */; };
		EC2705E826BB1C6A0011526F /* UniversityTableViewCell.swift in Sources */ = {isa = PBXBuildFile; fileRef = EC2705E726BB1C6A0011526F /* UniversityTableViewCell.swift */; };
		EC46F8A226C457D5007911BB /* GoogleService-Info.plist in Resources */ = {isa = PBXBuildFile; fileRef = EC46F8A126C457D5007911BB /* GoogleService-Info.plist */; };
		EC46F8A526C45C45007911BB /* UniversityViewModel.swift in Sources */ = {isa = PBXBuildFile; fileRef = EC46F8A426C45C45007911BB /* UniversityViewModel.swift */; };
		EC635DC626C71B370054EDBC /* UniversityService.swift in Sources */ = {isa = PBXBuildFile; fileRef = EC635DC526C71B370054EDBC /* UniversityService.swift */; };
		EC898CC026BC621C00F7FE8E /* AboutViewController.swift in Sources */ = {isa = PBXBuildFile; fileRef = EC898CBF26BC621C00F7FE8E /* AboutViewController.swift */; };
/* End PBXBuildFile section */

/* Begin PBXFileReference section */
		7370DDCABE066FF20AF6F413 /* Pods-TercihKilavuzu2021.release.xcconfig */ = {isa = PBXFileReference; includeInIndex = 1; lastKnownFileType = text.xcconfig; name = "Pods-TercihKilavuzu2021.release.xcconfig"; path = "Target Support Files/Pods-TercihKilavuzu2021/Pods-TercihKilavuzu2021.release.xcconfig"; sourceTree = "<group>"; };
		DB45ECBE486C76D6B88E007B /* Pods_TercihKilavuzu2021.framework */ = {isa = PBXFileReference; explicitFileType = wrapper.framework; includeInIndex = 0; path = Pods_TercihKilavuzu2021.framework; sourceTree = BUILT_PRODUCTS_DIR; };
		E33E65C10B42932D2C75831C /* Pods-TercihKilavuzu2021.debug.xcconfig */ = {isa = PBXFileReference; includeInIndex = 1; lastKnownFileType = text.xcconfig; name = "Pods-TercihKilavuzu2021.debug.xcconfig"; path = "Target Support Files/Pods-TercihKilavuzu2021/Pods-TercihKilavuzu2021.debug.xcconfig"; sourceTree = "<group>"; };
		EC2705B726BB06520011526F /* TercihKilavuzu2021.app */ = {isa = PBXFileReference; explicitFileType = wrapper.application; includeInIndex = 0; path = TercihKilavuzu2021.app; sourceTree = BUILT_PRODUCTS_DIR; };
		EC2705BA26BB06520011526F /* AppDelegate.swift */ = {isa = PBXFileReference; lastKnownFileType = sourcecode.swift; path = AppDelegate.swift; sourceTree = "<group>"; };
		EC2705BC26BB06520011526F /* SceneDelegate.swift */ = {isa = PBXFileReference; lastKnownFileType = sourcecode.swift; path = SceneDelegate.swift; sourceTree = "<group>"; };
		EC2705BE26BB06520011526F /* HomeViewController.swift */ = {isa = PBXFileReference; lastKnownFileType = sourcecode.swift; path = HomeViewController.swift; sourceTree = "<group>"; };
		EC2705C326BB06530011526F /* Assets.xcassets */ = {isa = PBXFileReference; lastKnownFileType = folder.assetcatalog; path = Assets.xcassets; sourceTree = "<group>"; };
		EC2705C626BB06530011526F /* Base */ = {isa = PBXFileReference; lastKnownFileType = file.storyboard; name = Base; path = Base.lproj/LaunchScreen.storyboard; sourceTree = "<group>"; };
		EC2705C826BB06530011526F /* Info.plist */ = {isa = PBXFileReference; lastKnownFileType = text.plist.xml; path = Info.plist; sourceTree = "<group>"; };
		EC2705CF26BB06A10011526F /* StoreKit.framework */ = {isa = PBXFileReference; lastKnownFileType = wrapper.framework; name = StoreKit.framework; path = System/Library/Frameworks/StoreKit.framework; sourceTree = SDKROOT; };
		EC2705D626BB08460011526F /* TabBarViewController.swift */ = {isa = PBXFileReference; lastKnownFileType = sourcecode.swift; path = TabBarViewController.swift; sourceTree = "<group>"; };
		EC2705D826BB087C0011526F /* FavoritesViewController.swift */ = {isa = PBXFileReference; lastKnownFileType = sourcecode.swift; path = FavoritesViewController.swift; sourceTree = "<group>"; };
		EC2705DB26BB08A20011526F /* FiltersViewController.swift */ = {isa = PBXFileReference; lastKnownFileType = sourcecode.swift; path = FiltersViewController.swift; sourceTree = "<group>"; };
		EC2705DD26BB09050011526F /* CountDownViewController.swift */ = {isa = PBXFileReference; lastKnownFileType = sourcecode.swift; path = CountDownViewController.swift; sourceTree = "<group>"; };
		EC2705DF26BB092E0011526F /* DatabaseManager.swift */ = {isa = PBXFileReference; lastKnownFileType = sourcecode.swift; path = DatabaseManager.swift; sourceTree = "<group>"; };
		EC2705E126BB09440011526F /* StorageManager.swift */ = {isa = PBXFileReference; lastKnownFileType = sourcecode.swift; path = StorageManager.swift; sourceTree = "<group>"; };
		EC2705E326BB14FD0011526F /* University.swift */ = {isa = PBXFileReference; lastKnownFileType = sourcecode.swift; path = University.swift; sourceTree = "<group>"; };
		EC2705E526BB1B5F0011526F /* Extensions.swift */ = {isa = PBXFileReference; lastKnownFileType = sourcecode.swift; path = Extensions.swift; sourceTree = "<group>"; };
		EC2705E726BB1C6A0011526F /* UniversityTableViewCell.swift */ = {isa = PBXFileReference; lastKnownFileType = sourcecode.swift; path = UniversityTableViewCell.swift; sourceTree = "<group>"; };
		EC46F8A126C457D5007911BB /* GoogleService-Info.plist */ = {isa = PBXFileReference; fileEncoding = 4; lastKnownFileType = text.plist.xml; name = "GoogleService-Info.plist"; path = "../../../../Downloads/GoogleService-Info.plist"; sourceTree = "<group>"; };
		EC46F8A426C45C45007911BB /* UniversityViewModel.swift */ = {isa = PBXFileReference; lastKnownFileType = sourcecode.swift; path = UniversityViewModel.swift; sourceTree = "<group>"; };
		EC635DC526C71B370054EDBC /* UniversityService.swift */ = {isa = PBXFileReference; lastKnownFileType = sourcecode.swift; path = UniversityService.swift; sourceTree = "<group>"; };
		EC898CBF26BC621C00F7FE8E /* AboutViewController.swift */ = {isa = PBXFileReference; lastKnownFileType = sourcecode.swift; path = AboutViewController.swift; sourceTree = "<group>"; };
/* End PBXFileReference section */

/* Begin PBXFrameworksBuildPhase section */
		EC2705B426BB06520011526F /* Frameworks */ = {
			isa = PBXFrameworksBuildPhase;
			buildActionMask = 2147483647;
			files = (
				EC2705D026BB06A10011526F /* StoreKit.framework in Frameworks */,
				67E12CB589A4ED9E55B7E670 /* Pods_TercihKilavuzu2021.framework in Frameworks */,
			);
			runOnlyForDeploymentPostprocessing = 0;
		};
/* End PBXFrameworksBuildPhase section */

/* Begin PBXGroup section */
		EC2705AE26BB06520011526F = {
			isa = PBXGroup;
			children = (
				EC2705B926BB06520011526F /* TercihKilavuzu2021 */,
				EC2705B826BB06520011526F /* Products */,
				EC2705CE26BB06A10011526F /* Frameworks */,
				F648A93709A892F4A3B09BBB /* Pods */,
			);
			sourceTree = "<group>";
		};
		EC2705B826BB06520011526F /* Products */ = {
			isa = PBXGroup;
			children = (
				EC2705B726BB06520011526F /* TercihKilavuzu2021.app */,
			);
			name = Products;
			sourceTree = "<group>";
		};
		EC2705B926BB06520011526F /* TercihKilavuzu2021 */ = {
			isa = PBXGroup;
			children = (
				EC2705D526BB07B90011526F /* Managers */,
				EC2705D426BB07B10011526F /* Resources */,
				EC2705D326BB07AB0011526F /* Controllers */,
				EC2705D226BB07A70011526F /* Views */,
				EC46F8A326C45C2A007911BB /* ViewModels */,
				EC2705D126BB07A10011526F /* Models */,
				EC635DC426C71B0E0054EDBC /* Service */,
				EC2705C826BB06530011526F /* Info.plist */,
				EC46F8A126C457D5007911BB /* GoogleService-Info.plist */,
			);
			path = TercihKilavuzu2021;
			sourceTree = "<group>";
		};
		EC2705CE26BB06A10011526F /* Frameworks */ = {
			isa = PBXGroup;
			children = (
				EC2705CF26BB06A10011526F /* StoreKit.framework */,
				DB45ECBE486C76D6B88E007B /* Pods_TercihKilavuzu2021.framework */,
			);
			name = Frameworks;
			sourceTree = "<group>";
		};
		EC2705D126BB07A10011526F /* Models */ = {
			isa = PBXGroup;
			children = (
				EC2705E326BB14FD0011526F /* University.swift */,
				EC2705E726BB1C6A0011526F /* UniversityTableViewCell.swift */,
			);
			path = Models;
			sourceTree = "<group>";
		};
		EC2705D226BB07A70011526F /* Views */ = {
			isa = PBXGroup;
			children = (
				EC2705C526BB06530011526F /* LaunchScreen.storyboard */,
			);
			path = Views;
			sourceTree = "<group>";
		};
		EC2705D326BB07AB0011526F /* Controllers */ = {
			isa = PBXGroup;
			children = (
				EC2705BE26BB06520011526F /* HomeViewController.swift */,
				EC2705D626BB08460011526F /* TabBarViewController.swift */,
				EC2705D826BB087C0011526F /* FavoritesViewController.swift */,
				EC2705DB26BB08A20011526F /* FiltersViewController.swift */,
				EC2705DD26BB09050011526F /* CountDownViewController.swift */,
				EC898CBF26BC621C00F7FE8E /* AboutViewController.swift */,
			);
			path = Controllers;
			sourceTree = "<group>";
		};
		EC2705D426BB07B10011526F /* Resources */ = {
			isa = PBXGroup;
			children = (
				EC2705BA26BB06520011526F /* AppDelegate.swift */,
				EC2705BC26BB06520011526F /* SceneDelegate.swift */,
				EC2705C326BB06530011526F /* Assets.xcassets */,
				EC2705E526BB1B5F0011526F /* Extensions.swift */,
			);
			path = Resources;
			sourceTree = "<group>";
		};
		EC2705D526BB07B90011526F /* Managers */ = {
			isa = PBXGroup;
			children = (
				EC2705DF26BB092E0011526F /* DatabaseManager.swift */,
				EC2705E126BB09440011526F /* StorageManager.swift */,
			);
			path = Managers;
			sourceTree = "<group>";
		};
		EC46F8A326C45C2A007911BB /* ViewModels */ = {
			isa = PBXGroup;
			children = (
				EC46F8A426C45C45007911BB /* UniversityViewModel.swift */,
			);
			path = ViewModels;
			sourceTree = "<group>";
		};
		EC635DC426C71B0E0054EDBC /* Service */ = {
			isa = PBXGroup;
			children = (
				EC635DC526C71B370054EDBC /* UniversityService.swift */,
			);
			path = Service;
			sourceTree = "<group>";
		};
		F648A93709A892F4A3B09BBB /* Pods */ = {
			isa = PBXGroup;
			children = (
				E33E65C10B42932D2C75831C /* Pods-TercihKilavuzu2021.debug.xcconfig */,
				7370DDCABE066FF20AF6F413 /* Pods-TercihKilavuzu2021.release.xcconfig */,
			);
			path = Pods;
			sourceTree = "<group>";
		};
/* End PBXGroup section */

/* Begin PBXNativeTarget section */
		EC2705B626BB06520011526F /* TercihKilavuzu2021 */ = {
			isa = PBXNativeTarget;
			buildConfigurationList = EC2705CB26BB06530011526F /* Build configuration list for PBXNativeTarget "TercihKilavuzu2021" */;
			buildPhases = (
				D26FC7D0A82F5AB88BBDBEE0 /* [CP] Check Pods Manifest.lock */,
				EC2705B326BB06520011526F /* Sources */,
				EC2705B426BB06520011526F /* Frameworks */,
				EC2705B526BB06520011526F /* Resources */,
				26BDD096A6B2F30CF2FC2692 /* [CP] Embed Pods Frameworks */,
			);
			buildRules = (
			);
			dependencies = (
			);
			name = TercihKilavuzu2021;
			productName = TercihKilavuzu2021;
			productReference = EC2705B726BB06520011526F /* TercihKilavuzu2021.app */;
			productType = "com.apple.product-type.application";
		};
/* End PBXNativeTarget section */

/* Begin PBXProject section */
		EC2705AF26BB06520011526F /* Project object */ = {
			isa = PBXProject;
			attributes = {
				LastSwiftUpdateCheck = 1250;
				LastUpgradeCheck = 1250;
				TargetAttributes = {
					EC2705B626BB06520011526F = {
						CreatedOnToolsVersion = 12.5.1;
					};
				};
			};
			buildConfigurationList = EC2705B226BB06520011526F /* Build configuration list for PBXProject "TercihKilavuzu2021" */;
			compatibilityVersion = "Xcode 9.3";
			developmentRegion = en;
			hasScannedForEncodings = 0;
			knownRegions = (
				en,
				Base,
			);
			mainGroup = EC2705AE26BB06520011526F;
			productRefGroup = EC2705B826BB06520011526F /* Products */;
			projectDirPath = "";
			projectRoot = "";
			targets = (
				EC2705B626BB06520011526F /* TercihKilavuzu2021 */,
			);
		};
/* End PBXProject section */

/* Begin PBXResourcesBuildPhase section */
		EC2705B526BB06520011526F /* Resources */ = {
			isa = PBXResourcesBuildPhase;
			buildActionMask = 2147483647;
			files = (
				EC2705C726BB06530011526F /* LaunchScreen.storyboard in Resources */,
				EC2705C426BB06530011526F /* Assets.xcassets in Resources */,
				EC46F8A226C457D5007911BB /* GoogleService-Info.plist in Resources */,
			);
			runOnlyForDeploymentPostprocessing = 0;
		};
/* End PBXResourcesBuildPhase section */

/* Begin PBXShellScriptBuildPhase section */
		26BDD096A6B2F30CF2FC2692 /* [CP] Embed Pods Frameworks */ = {
			isa = PBXShellScriptBuildPhase;
			buildActionMask = 2147483647;
			files = (
			);
			inputFileListPaths = (
				"${PODS_ROOT}/Target Support Files/Pods-TercihKilavuzu2021/Pods-TercihKilavuzu2021-frameworks-${CONFIGURATION}-input-files.xcfilelist",
			);
			name = "[CP] Embed Pods Frameworks";
			outputFileListPaths = (
				"${PODS_ROOT}/Target Support Files/Pods-TercihKilavuzu2021/Pods-TercihKilavuzu2021-frameworks-${CONFIGURATION}-output-files.xcfilelist",
			);
			runOnlyForDeploymentPostprocessing = 0;
			shellPath = /bin/sh;
			shellScript = "\"${PODS_ROOT}/Target Support Files/Pods-TercihKilavuzu2021/Pods-TercihKilavuzu2021-frameworks.sh\"\n";
			showEnvVarsInLog = 0;
		};
		D26FC7D0A82F5AB88BBDBEE0 /* [CP] Check Pods Manifest.lock */ = {
			isa = PBXShellScriptBuildPhase;
			buildActionMask = 2147483647;
			files = (
			);
			inputFileListPaths = (
			);
			inputPaths = (
				"${PODS_PODFILE_DIR_PATH}/Podfile.lock",
				"${PODS_ROOT}/Manifest.lock",
			);
			name = "[CP] Check Pods Manifest.lock";
			outputFileListPaths = (
			);
			outputPaths = (
				"$(DERIVED_FILE_DIR)/Pods-TercihKilavuzu2021-checkManifestLockResult.txt",
			);
			runOnlyForDeploymentPostprocessing = 0;
			shellPath = /bin/sh;
			shellScript = "diff \"${PODS_PODFILE_DIR_PATH}/Podfile.lock\" \"${PODS_ROOT}/Manifest.lock\" > /dev/null\nif [ $? != 0 ] ; then\n    # print error to STDERR\n    echo \"error: The sandbox is not in sync with the Podfile.lock. Run 'pod install' or update your CocoaPods installation.\" >&2\n    exit 1\nfi\n# This output is used by Xcode 'outputs' to avoid re-running this script phase.\necho \"SUCCESS\" > \"${SCRIPT_OUTPUT_FILE_0}\"\n";
			showEnvVarsInLog = 0;
		};
/* End PBXShellScriptBuildPhase section */

/* Begin PBXSourcesBuildPhase section */
		EC2705B326BB06520011526F /* Sources */ = {
			isa = PBXSourcesBuildPhase;
			buildActionMask = 2147483647;
			files = (
				EC2705E026BB092E0011526F /* DatabaseManager.swift in Sources */,
				EC2705E826BB1C6A0011526F /* UniversityTableViewCell.swift in Sources */,
				EC2705D726BB08460011526F /* TabBarViewController.swift in Sources */,
				EC2705BF26BB06520011526F /* HomeViewController.swift in Sources */,
				EC2705E226BB09440011526F /* StorageManager.swift in Sources */,
				EC635DC626C71B370054EDBC /* UniversityService.swift in Sources */,
				EC2705BB26BB06520011526F /* AppDelegate.swift in Sources */,
				EC2705D926BB087C0011526F /* FavoritesViewController.swift in Sources */,
				EC2705DC26BB08A20011526F /* FiltersViewController.swift in Sources */,
				EC2705BD26BB06520011526F /* SceneDelegate.swift in Sources */,
				EC2705DE26BB09050011526F /* CountDownViewController.swift in Sources */,
				EC46F8A526C45C45007911BB /* UniversityViewModel.swift in Sources */,
				EC2705E626BB1B5F0011526F /* Extensions.swift in Sources */,
				EC898CC026BC621C00F7FE8E /* AboutViewController.swift in Sources */,
				EC2705E426BB14FD0011526F /* University.swift in Sources */,
			);
			runOnlyForDeploymentPostprocessing = 0;
		};
/* End PBXSourcesBuildPhase section */

/* Begin PBXVariantGroup section */
		EC2705C526BB06530011526F /* LaunchScreen.storyboard */ = {
			isa = PBXVariantGroup;
			children = (
				EC2705C626BB06530011526F /* Base */,
			);
			name = LaunchScreen.storyboard;
			sourceTree = "<group>";
		};
/* End PBXVariantGroup section */

/* Begin XCBuildConfiguration section */
		EC2705C926BB06530011526F /* Debug */ = {
			isa = XCBuildConfiguration;
			buildSettings = {
				ALWAYS_SEARCH_USER_PATHS = NO;
				CLANG_ANALYZER_NONNULL = YES;
				CLANG_ANALYZER_NUMBER_OBJECT_CONVERSION = YES_AGGRESSIVE;
				CLANG_CXX_LANGUAGE_STANDARD = "gnu++14";
				CLANG_CXX_LIBRARY = "libc++";
				CLANG_ENABLE_MODULES = YES;
				CLANG_ENABLE_OBJC_ARC = YES;
				CLANG_ENABLE_OBJC_WEAK = YES;
				CLANG_WARN_BLOCK_CAPTURE_AUTORELEASING = YES;
				CLANG_WARN_BOOL_CONVERSION = YES;
				CLANG_WARN_COMMA = YES;
				CLANG_WARN_CONSTANT_CONVERSION = YES;
				CLANG_WARN_DEPRECATED_OBJC_IMPLEMENTATIONS = YES;
				CLANG_WARN_DIRECT_OBJC_ISA_USAGE = YES_ERROR;
				CLANG_WARN_DOCUMENTATION_COMMENTS = YES;
				CLANG_WARN_EMPTY_BODY = YES;
				CLANG_WARN_ENUM_CONVERSION = YES;
				CLANG_WARN_INFINITE_RECURSION = YES;
				CLANG_WARN_INT_CONVERSION = YES;
				CLANG_WARN_NON_LITERAL_NULL_CONVERSION = YES;
				CLANG_WARN_OBJC_IMPLICIT_RETAIN_SELF = YES;
				CLANG_WARN_OBJC_LITERAL_CONVERSION = YES;
				CLANG_WARN_OBJC_ROOT_CLASS = YES_ERROR;
				CLANG_WARN_QUOTED_INCLUDE_IN_FRAMEWORK_HEADER = YES;
				CLANG_WARN_RANGE_LOOP_ANALYSIS = YES;
				CLANG_WARN_STRICT_PROTOTYPES = YES;
				CLANG_WARN_SUSPICIOUS_MOVE = YES;
				CLANG_WARN_UNGUARDED_AVAILABILITY = YES_AGGRESSIVE;
				CLANG_WARN_UNREACHABLE_CODE = YES;
				CLANG_WARN__DUPLICATE_METHOD_MATCH = YES;
				COPY_PHASE_STRIP = NO;
				DEBUG_INFORMATION_FORMAT = dwarf;
				ENABLE_STRICT_OBJC_MSGSEND = YES;
				ENABLE_TESTABILITY = YES;
				GCC_C_LANGUAGE_STANDARD = gnu11;
				GCC_DYNAMIC_NO_PIC = NO;
				GCC_NO_COMMON_BLOCKS = YES;
				GCC_OPTIMIZATION_LEVEL = 0;
				GCC_PREPROCESSOR_DEFINITIONS = (
					"DEBUG=1",
					"$(inherited)",
				);
				GCC_WARN_64_TO_32_BIT_CONVERSION = YES;
				GCC_WARN_ABOUT_RETURN_TYPE = YES_ERROR;
				GCC_WARN_UNDECLARED_SELECTOR = YES;
				GCC_WARN_UNINITIALIZED_AUTOS = YES_AGGRESSIVE;
				GCC_WARN_UNUSED_FUNCTION = YES;
				GCC_WARN_UNUSED_VARIABLE = YES;
				IPHONEOS_DEPLOYMENT_TARGET = 14.5;
				MTL_ENABLE_DEBUG_INFO = INCLUDE_SOURCE;
				MTL_FAST_MATH = YES;
				ONLY_ACTIVE_ARCH = YES;
				SDKROOT = iphoneos;
				SWIFT_ACTIVE_COMPILATION_CONDITIONS = DEBUG;
				SWIFT_OPTIMIZATION_LEVEL = "-Onone";
			};
			name = Debug;
		};
		EC2705CA26BB06530011526F /* Release */ = {
			isa = XCBuildConfiguration;
			buildSettings = {
				ALWAYS_SEARCH_USER_PATHS = NO;
				CLANG_ANALYZER_NONNULL = YES;
				CLANG_ANALYZER_NUMBER_OBJECT_CONVERSION = YES_AGGRESSIVE;
				CLANG_CXX_LANGUAGE_STANDARD = "gnu++14";
				CLANG_CXX_LIBRARY = "libc++";
				CLANG_ENABLE_MODULES = YES;
				CLANG_ENABLE_OBJC_ARC = YES;
				CLANG_ENABLE_OBJC_WEAK = YES;
				CLANG_WARN_BLOCK_CAPTURE_AUTORELEASING = YES;
				CLANG_WARN_BOOL_CONVERSION = YES;
				CLANG_WARN_COMMA = YES;
				CLANG_WARN_CONSTANT_CONVERSION = YES;
				CLANG_WARN_DEPRECATED_OBJC_IMPLEMENTATIONS = YES;
				CLANG_WARN_DIRECT_OBJC_ISA_USAGE = YES_ERROR;
				CLANG_WARN_DOCUMENTATION_COMMENTS = YES;
				CLANG_WARN_EMPTY_BODY = YES;
				CLANG_WARN_ENUM_CONVERSION = YES;
				CLANG_WARN_INFINITE_RECURSION = YES;
				CLANG_WARN_INT_CONVERSION = YES;
				CLANG_WARN_NON_LITERAL_NULL_CONVERSION = YES;
				CLANG_WARN_OBJC_IMPLICIT_RETAIN_SELF = YES;
				CLANG_WARN_OBJC_LITERAL_CONVERSION = YES;
				CLANG_WARN_OBJC_ROOT_CLASS = YES_ERROR;
				CLANG_WARN_QUOTED_INCLUDE_IN_FRAMEWORK_HEADER = YES;
				CLANG_WARN_RANGE_LOOP_ANALYSIS = YES;
				CLANG_WARN_STRICT_PROTOTYPES = YES;
				CLANG_WARN_SUSPICIOUS_MOVE = YES;
				CLANG_WARN_UNGUARDED_AVAILABILITY = YES_AGGRESSIVE;
				CLANG_WARN_UNREACHABLE_CODE = YES;
				CLANG_WARN__DUPLICATE_METHOD_MATCH = YES;
				COPY_PHASE_STRIP = NO;
				DEBUG_INFORMATION_FORMAT = "dwarf-with-dsym";
				ENABLE_NS_ASSERTIONS = NO;
				ENABLE_STRICT_OBJC_MSGSEND = YES;
				GCC_C_LANGUAGE_STANDARD = gnu11;
				GCC_NO_COMMON_BLOCKS = YES;
				GCC_WARN_64_TO_32_BIT_CONVERSION = YES;
				GCC_WARN_ABOUT_RETURN_TYPE = YES_ERROR;
				GCC_WARN_UNDECLARED_SELECTOR = YES;
				GCC_WARN_UNINITIALIZED_AUTOS = YES_AGGRESSIVE;
				GCC_WARN_UNUSED_FUNCTION = YES;
				GCC_WARN_UNUSED_VARIABLE = YES;
				IPHONEOS_DEPLOYMENT_TARGET = 14.5;
				MTL_ENABLE_DEBUG_INFO = NO;
				MTL_FAST_MATH = YES;
				SDKROOT = iphoneos;
				SWIFT_COMPILATION_MODE = wholemodule;
				SWIFT_OPTIMIZATION_LEVEL = "-O";
				VALIDATE_PRODUCT = YES;
			};
			name = Release;
		};
		EC2705CC26BB06530011526F /* Debug */ = {
			isa = XCBuildConfiguration;
			baseConfigurationReference = E33E65C10B42932D2C75831C /* Pods-TercihKilavuzu2021.debug.xcconfig */;
			buildSettings = {
				ASSETCATALOG_COMPILER_APPICON_NAME = AppIcon;
				ASSETCATALOG_COMPILER_GLOBAL_ACCENT_COLOR_NAME = AccentColor;
				CODE_SIGN_STYLE = Automatic;
				INFOPLIST_FILE = TercihKilavuzu2021/Info.plist;
				IPHONEOS_DEPLOYMENT_TARGET = 13.6;
				LD_RUNPATH_SEARCH_PATHS = (
					"$(inherited)",
					"@executable_path/Frameworks",
				);
				PRODUCT_BUNDLE_IDENTIFIER = com.myiosapps.TercihKilavuzu2021;
				PRODUCT_NAME = "$(TARGET_NAME)";
				SWIFT_VERSION = 5.0;
				TARGETED_DEVICE_FAMILY = "1,2";
			};
			name = Debug;
		};
		EC2705CD26BB06530011526F /* Release */ = {
			isa = XCBuildConfiguration;
			baseConfigurationReference = 7370DDCABE066FF20AF6F413 /* Pods-TercihKilavuzu2021.release.xcconfig */;
			buildSettings = {
				ASSETCATALOG_COMPILER_APPICON_NAME = AppIcon;
				ASSETCATALOG_COMPILER_GLOBAL_ACCENT_COLOR_NAME = AccentColor;
				CODE_SIGN_STYLE = Automatic;
				INFOPLIST_FILE = TercihKilavuzu2021/Info.plist;
				IPHONEOS_DEPLOYMENT_TARGET = 13.6;
				LD_RUNPATH_SEARCH_PATHS = (
					"$(inherited)",
					"@executable_path/Frameworks",
				);
				PRODUCT_BUNDLE_IDENTIFIER = com.myiosapps.TercihKilavuzu2021;
				PRODUCT_NAME = "$(TARGET_NAME)";
				SWIFT_VERSION = 5.0;
				TARGETED_DEVICE_FAMILY = "1,2";
			};
			name = Release;
		};
/* End XCBuildConfiguration section */

/* Begin XCConfigurationList section */
		EC2705B226BB06520011526F /* Build configuration list for PBXProject "TercihKilavuzu2021" */ = {
			isa = XCConfigurationList;
			buildConfigurations = (
				EC2705C926BB06530011526F /* Debug */,
				EC2705CA26BB06530011526F /* Release */,
			);
			defaultConfigurationIsVisible = 0;
			defaultConfigurationName = Release;
		};
		EC2705CB26BB06530011526F /* Build configuration list for PBXNativeTarget "TercihKilavuzu2021" */ = {
			isa = XCConfigurationList;
			buildConfigurations = (
				EC2705CC26BB06530011526F /* Debug */,
				EC2705CD26BB06530011526F /* Release */,
			);
			defaultConfigurationIsVisible = 0;
			defaultConfigurationName = Release;
		};
/* End XCConfigurationList section */
	};
	rootObject = EC2705AF26BB06520011526F /* Project object */;
}
